// !$*UTF8*$!
{
	archiveVersion = 1;
	classes = {
	};
	objectVersion = 55;
	objects = {

/* Begin PBXBuildFile section */
		21EBFDCC27E7737A00F8B20A /* AppDelegate.swift in Sources */ = {isa = PBXBuildFile; fileRef = 21EBFDCB27E7737A00F8B20A /* AppDelegate.swift */; };
		21EBFDCE27E7737A00F8B20A /* SceneDelegate.swift in Sources */ = {isa = PBXBuildFile; fileRef = 21EBFDCD27E7737A00F8B20A /* SceneDelegate.swift */; };
		21EBFDD027E7737A00F8B20A /* ViewController.swift in Sources */ = {isa = PBXBuildFile; fileRef = 21EBFDCF27E7737A00F8B20A /* ViewController.swift */; };
		21EBFDD327E7737A00F8B20A /* Main.storyboard in Resources */ = {isa = PBXBuildFile; fileRef = 21EBFDD127E7737A00F8B20A /* Main.storyboard */; };
		21EBFDD527E7737B00F8B20A /* Assets.xcassets in Resources */ = {isa = PBXBuildFile; fileRef = 21EBFDD427E7737B00F8B20A /* Assets.xcassets */; };
		21EBFDD827E7737B00F8B20A /* LaunchScreen.storyboard in Resources */ = {isa = PBXBuildFile; fileRef = 21EBFDD627E7737B00F8B20A /* LaunchScreen.storyboard */; };
		21EBFDE027E773A300F8B20A /* test.in in Resources */ = {isa = PBXBuildFile; fileRef = 21EBFDDF27E773A300F8B20A /* test.in */; };
/* End PBXBuildFile section */

/* Begin PBXFileReference section */
		21EBFDC827E7737A00F8B20A /* ZeroSumSubsequence.app */ = {isa = PBXFileReference; explicitFileType = wrapper.application; includeInIndex = 0; path = ZeroSumSubsequence.app; sourceTree = BUILT_PRODUCTS_DIR; };
		21EBFDCB27E7737A00F8B20A /* AppDelegate.swift */ = {isa = PBXFileReference; lastKnownFileType = sourcecode.swift; path = AppDelegate.swift; sourceTree = "<group>"; };
		21EBFDCD27E7737A00F8B20A /* SceneDelegate.swift */ = {isa = PBXFileReference; lastKnownFileType = sourcecode.swift; path = SceneDelegate.swift; sourceTree = "<group>"; };
		21EBFDCF27E7737A00F8B20A /* ViewController.swift */ = {isa = PBXFileReference; lastKnownFileType = sourcecode.swift; path = ViewController.swift; sourceTree = "<group>"; };
		21EBFDD227E7737A00F8B20A /* Base */ = {isa = PBXFileReference; lastKnownFileType = file.storyboard; name = Base; path = Base.lproj/Main.storyboard; sourceTree = "<group>"; };
		21EBFDD427E7737B00F8B20A /* Assets.xcassets */ = {isa = PBXFileReference; lastKnownFileType = folder.assetcatalog; path = Assets.xcassets; sourceTree = "<group>"; };
		21EBFDD727E7737B00F8B20A /* Base */ = {isa = PBXFileReference; lastKnownFileType = file.storyboard; name = Base; path = Base.lproj/LaunchScreen.storyboard; sourceTree = "<group>"; };
		21EBFDD927E7737B00F8B20A /* Info.plist */ = {isa = PBXFileReference; lastKnownFileType = text.plist.xml; path = Info.plist; sourceTree = "<group>"; };
		21EBFDDF27E773A300F8B20A /* test.in */ = {isa = PBXFileReference; fileEncoding = 4; lastKnownFileType = text; path = test.in; sourceTree = "<group>"; };
/* End PBXFileReference section */

/* Begin PBXFrameworksBuildPhase section */
		21EBFDC527E7737A00F8B20A /* Frameworks */ = {
			isa = PBXFrameworksBuildPhase;
			buildActionMask = 2147483647;
			files = (
			);
			runOnlyForDeploymentPostprocessing = 0;
		};
/* End PBXFrameworksBuildPhase section */

/* Begin PBXGroup section */
		21EBFDBF27E7737A00F8B20A = {
			isa = PBXGroup;
			children = (
				21EBFDCA27E7737A00F8B20A /* ZeroSumSubsequence */,
				21EBFDC927E7737A00F8B20A /* Products */,
			);
			sourceTree = "<group>";
		};
		21EBFDC927E7737A00F8B20A /* Products */ = {
			isa = PBXGroup;
			children = (
				21EBFDC827E7737A00F8B20A /* ZeroSumSubsequence.app */,
			);
			name = Products;
			sourceTree = "<group>";
		};
		21EBFDCA27E7737A00F8B20A /* ZeroSumSubsequence */ = {
			isa = PBXGroup;
			children = (
				21EBFDDF27E773A300F8B20A /* test.in */,
				21EBFDCB27E7737A00F8B20A /* AppDelegate.swift */,
				21EBFDCD27E7737A00F8B20A /* SceneDelegate.swift */,
				21EBFDCF27E7737A00F8B20A /* ViewController.swift */,
				21EBFDD127E7737A00F8B20A /* Main.storyboard */,
				21EBFDD427E7737B00F8B20A /* Assets.xcassets */,
				21EBFDD627E7737B00F8B20A /* LaunchScreen.storyboard */,
				21EBFDD927E7737B00F8B20A /* Info.plist */,
			);
			path = ZeroSumSubsequence;
			sourceTree = "<group>";
		};
/* End PBXGroup section */

/* Begin PBXNativeTarget section */
		21EBFDC727E7737A00F8B20A /* ZeroSumSubsequence */ = {
			isa = PBXNativeTarget;
			buildConfigurationList = 21EBFDDC27E7737B00F8B20A /* Build configuration list for PBXNativeTarget "ZeroSumSubsequence" */;
			buildPhases = (
				21EBFDC427E7737A00F8B20A /* Sources */,
				21EBFDC527E7737A00F8B20A /* Frameworks */,
				21EBFDC627E7737A00F8B20A /* Resources */,
			);
			buildRules = (
			);
			dependencies = (
			);
			name = ZeroSumSubsequence;
			productName = ZeroSumSubsequence;
			productReference = 21EBFDC827E7737A00F8B20A /* ZeroSumSubsequence.app */;
			productType = "com.apple.product-type.application";
		};
/* End PBXNativeTarget section */

/* Begin PBXProject section */
		21EBFDC027E7737A00F8B20A /* Project object */ = {
			isa = PBXProject;
			attributes = {
				BuildIndependentTargetsInParallel = 1;
				LastSwiftUpdateCheck = 1320;
				LastUpgradeCheck = 1320;
				TargetAttributes = {
					21EBFDC727E7737A00F8B20A = {
						CreatedOnToolsVersion = 13.2.1;
					};
				};
			};
			buildConfigurationList = 21EBFDC327E7737A00F8B20A /* Build configuration list for PBXProject "ZeroSumSubsequence" */;
			compatibilityVersion = "Xcode 13.0";
			developmentRegion = en;
			hasScannedForEncodings = 0;
			knownRegions = (
				en,
				Base,
			);
			mainGroup = 21EBFDBF27E7737A00F8B20A;
			productRefGroup = 21EBFDC927E7737A00F8B20A /* Products */;
			projectDirPath = "";
			projectRoot = "";
			targets = (
				21EBFDC727E7737A00F8B20A /* ZeroSumSubsequence */,
			);
		};
/* End PBXProject section */

/* Begin PBXResourcesBuildPhase section */
		21EBFDC627E7737A00F8B20A /* Resources */ = {
			isa = PBXResourcesBuildPhase;
			buildActionMask = 2147483647;
			files = (
				21EBFDE027E773A300F8B20A /* test.in in Resources */,
				21EBFDD827E7737B00F8B20A /* LaunchScreen.storyboard in Resources */,
				21EBFDD527E7737B00F8B20A /* Assets.xcassets in Resources */,
				21EBFDD327E7737A00F8B20A /* Main.storyboard in Resources */,
			);
			runOnlyForDeploymentPostprocessing = 0;
		};
/* End PBXResourcesBuildPhase section */

/* Begin PBXSourcesBuildPhase section */
		21EBFDC427E7737A00F8B20A /* Sources */ = {
			isa = PBXSourcesBuildPhase;
			buildActionMask = 2147483647;
			files = (
				21EBFDD027E7737A00F8B20A /* ViewController.swift in Sources */,
				21EBFDCC27E7737A00F8B20A /* AppDelegate.swift in Sources */,
				21EBFDCE27E7737A00F8B20A /* SceneDelegate.swift in Sources */,
			);
			runOnlyForDeploymentPostprocessing = 0;
		};
/* End PBXSourcesBuildPhase section */

/* Begin PBXVariantGroup section */
		21EBFDD127E7737A00F8B20A /* Main.storyboard */ = {
			isa = PBXVariantGroup;
			children = (
				21EBFDD227E7737A00F8B20A /* Base */,
			);
			name = Main.storyboard;
			sourceTree = "<group>";
		};
		21EBFDD627E7737B00F8B20A /* LaunchScreen.storyboard */ = {
			isa = PBXVariantGroup;
			children = (
				21EBFDD727E7737B00F8B20A /* Base */,
			);
			name = LaunchScreen.storyboard;
			sourceTree = "<group>";
		};
/* End PBXVariantGroup section */

/* Begin XCBuildConfiguration section */
		21EBFDDA27E7737B00F8B20A /* Debug */ = {
			isa = XCBuildConfiguration;
			buildSettings = {
				ALWAYS_SEARCH_USER_PATHS = NO;
				CLANG_ANALYZER_NONNULL = YES;
				CLANG_ANALYZER_NUMBER_OBJECT_CONVERSION = YES_AGGRESSIVE;
				CLANG_CXX_LANGUAGE_STANDARD = "gnu++17";
				CLANG_CXX_LIBRARY = "libc++";
				CLANG_ENABLE_MODULES = YES;
				CLANG_ENABLE_OBJC_ARC = YES;
				CLANG_ENABLE_OBJC_WEAK = YES;
				CLANG_WARN_BLOCK_CAPTURE_AUTORELEASING = YES;
				CLANG_WARN_BOOL_CONVERSION = YES;
				CLANG_WARN_COMMA = YES;
				CLANG_WARN_CONSTANT_CONVERSION = YES;
				CLANG_WARN_DEPRECATED_OBJC_IMPLEMENTATIONS = YES;
				CLANG_WARN_DIRECT_OBJC_ISA_USAGE = YES_ERROR;
				CLANG_WARN_DOCUMENTATION_COMMENTS = YES;
				CLANG_WARN_EMPTY_BODY = YES;
				CLANG_WARN_ENUM_CONVERSION = YES;
				CLANG_WARN_INFINITE_RECURSION = YES;
				CLANG_WARN_INT_CONVERSION = YES;
				CLANG_WARN_NON_LITERAL_NULL_CONVERSION = YES;
				CLANG_WARN_OBJC_IMPLICIT_RETAIN_SELF = YES;
				CLANG_WARN_OBJC_LITERAL_CONVERSION = YES;
				CLANG_WARN_OBJC_ROOT_CLASS = YES_ERROR;
				CLANG_WARN_QUOTED_INCLUDE_IN_FRAMEWORK_HEADER = YES;
				CLANG_WARN_RANGE_LOOP_ANALYSIS = YES;
				CLANG_WARN_STRICT_PROTOTYPES = YES;
				CLANG_WARN_SUSPICIOUS_MOVE = YES;
				CLANG_WARN_UNGUARDED_AVAILABILITY = YES_AGGRESSIVE;
				CLANG_WARN_UNREACHABLE_CODE = YES;
				CLANG_WARN__DUPLICATE_METHOD_MATCH = YES;
				COPY_PHASE_STRIP = NO;
				DEBUG_INFORMATION_FORMAT = dwarf;
				ENABLE_STRICT_OBJC_MSGSEND = YES;
				ENABLE_TESTABILITY = YES;
				GCC_C_LANGUAGE_STANDARD = gnu11;
				GCC_DYNAMIC_NO_PIC = NO;
				GCC_NO_COMMON_BLOCKS = YES;
				GCC_OPTIMIZATION_LEVEL = 0;
				GCC_PREPROCESSOR_DEFINITIONS = (
					"DEBUG=1",
					"$(inherited)",
				);
				GCC_WARN_64_TO_32_BIT_CONVERSION = YES;
				GCC_WARN_ABOUT_RETURN_TYPE = YES_ERROR;
				GCC_WARN_UNDECLARED_SELECTOR = YES;
				GCC_WARN_UNINITIALIZED_AUTOS = YES_AGGRESSIVE;
				GCC_WARN_UNUSED_FUNCTION = YES;
				GCC_WARN_UNUSED_VARIABLE = YES;
				IPHONEOS_DEPLOYMENT_TARGET = 15.2;
				MTL_ENABLE_DEBUG_INFO = INCLUDE_SOURCE;
				MTL_FAST_MATH = YES;
				ONLY_ACTIVE_ARCH = YES;
				SDKROOT = iphoneos;
				SWIFT_ACTIVE_COMPILATION_CONDITIONS = DEBUG;
				SWIFT_OPTIMIZATION_LEVEL = "-Onone";
			};
			name = Debug;
		};
		21EBFDDB27E7737B00F8B20A /* Release */ = {
			isa = XCBuildConfiguration;
			buildSettings = {
				ALWAYS_SEARCH_USER_PATHS = NO;
				CLANG_ANALYZER_NONNULL = YES;
				CLANG_ANALYZER_NUMBER_OBJECT_CONVERSION = YES_AGGRESSIVE;
				CLANG_CXX_LANGUAGE_STANDARD = "gnu++17";
				CLANG_CXX_LIBRARY = "libc++";
				CLANG_ENABLE_MODULES = YES;
				CLANG_ENABLE_OBJC_ARC = YES;
				CLANG_ENABLE_OBJC_WEAK = YES;
				CLANG_WARN_BLOCK_CAPTURE_AUTORELEASING = YES;
				CLANG_WARN_BOOL_CONVERSION = YES;
				CLANG_WARN_COMMA = YES;
				CLANG_WARN_CONSTANT_CONVERSION = YES;
				CLANG_WARN_DEPRECATED_OBJC_IMPLEMENTATIONS = YES;
				CLANG_WARN_DIRECT_OBJC_ISA_USAGE = YES_ERROR;
				CLANG_WARN_DOCUMENTATION_COMMENTS = YES;
				CLANG_WARN_EMPTY_BODY = YES;
				CLANG_WARN_ENUM_CONVERSION = YES;
				CLANG_WARN_INFINITE_RECURSION = YES;
				CLANG_WARN_INT_CONVERSION = YES;
				CLANG_WARN_NON_LITERAL_NULL_CONVERSION = YES;
				CLANG_WARN_OBJC_IMPLICIT_RETAIN_SELF = YES;
				CLANG_WARN_OBJC_LITERAL_CONVERSION = YES;
				CLANG_WARN_OBJC_ROOT_CLASS = YES_ERROR;
				CLANG_WARN_QUOTED_INCLUDE_IN_FRAMEWORK_HEADER = YES;
				CLANG_WARN_RANGE_LOOP_ANALYSIS = YES;
				CLANG_WARN_STRICT_PROTOTYPES = YES;
				CLANG_WARN_SUSPICIOUS_MOVE = YES;
				CLANG_WARN_UNGUARDED_AVAILABILITY = YES_AGGRESSIVE;
				CLANG_WARN_UNREACHABLE_CODE = YES;
				CLANG_WARN__DUPLICATE_METHOD_MATCH = YES;
				COPY_PHASE_STRIP = NO;
				DEBUG_INFORMATION_FORMAT = "dwarf-with-dsym";
				ENABLE_NS_ASSERTIONS = NO;
				ENABLE_STRICT_OBJC_MSGSEND = YES;
				GCC_C_LANGUAGE_STANDARD = gnu11;
				GCC_NO_COMMON_BLOCKS = YES;
				GCC_WARN_64_TO_32_BIT_CONVERSION = YES;
				GCC_WARN_ABOUT_RETURN_TYPE = YES_ERROR;
				GCC_WARN_UNDECLARED_SELECTOR = YES;
				GCC_WARN_UNINITIALIZED_AUTOS = YES_AGGRESSIVE;
				GCC_WARN_UNUSED_FUNCTION = YES;
				GCC_WARN_UNUSED_VARIABLE = YES;
				IPHONEOS_DEPLOYMENT_TARGET = 15.2;
				MTL_ENABLE_DEBUG_INFO = NO;
				MTL_FAST_MATH = YES;
				SDKROOT = iphoneos;
				SWIFT_COMPILATION_MODE = wholemodule;
				SWIFT_OPTIMIZATION_LEVEL = "-O";
				VALIDATE_PRODUCT = YES;
			};
			name = Release;
		};
		21EBFDDD27E7737B00F8B20A /* Debug */ = {
			isa = XCBuildConfiguration;
			buildSettings = {
				ASSETCATALOG_COMPILER_APPICON_NAME = AppIcon;
				ASSETCATALOG_COMPILER_GLOBAL_ACCENT_COLOR_NAME = AccentColor;
				CODE_SIGN_STYLE = Automatic;
				CURRENT_PROJECT_VERSION = 1;
				DEVELOPMENT_TEAM = S5W3985ZD8;
				GENERATE_INFOPLIST_FILE = YES;
				INFOPLIST_FILE = ZeroSumSubsequence/Info.plist;
				INFOPLIST_KEY_UIApplicationSupportsIndirectInputEvents = YES;
				INFOPLIST_KEY_UILaunchStoryboardName = LaunchScreen;
				INFOPLIST_KEY_UIMainStoryboardFile = Main;
				INFOPLIST_KEY_UISupportedInterfaceOrientations_iPad = "UIInterfaceOrientationPortrait UIInterfaceOrientationPortraitUpsideDown UIInterfaceOrientationLandscapeLeft UIInterfaceOrientationLandscapeRight";
				INFOPLIST_KEY_UISupportedInterfaceOrientations_iPhone = "UIInterfaceOrientationPortrait UIInterfaceOrientationLandscapeLeft UIInterfaceOrientationLandscapeRight";
				LD_RUNPATH_SEARCH_PATHS = (
					"$(inherited)",
					"@executable_path/Frameworks",
				);
				MARKETING_VERSION = 1.0;
				PRODUCT_BUNDLE_IDENTIFIER = com.vm.test.ZeroSumSubsequence;
				PRODUCT_NAME = "$(TARGET_NAME)";
				SWIFT_EMIT_LOC_STRINGS = YES;
				SWIFT_VERSION = 5.0;
				TARGETED_DEVICE_FAMILY = "1,2";
			};
			name = Debug;
		};
		21EBFDDE27E7737B00F8B20A /* Release */ = {
			isa = XCBuildConfiguration;
			buildSettings = {
				ASSETCATALOG_COMPILER_APPICON_NAME = AppIcon;
				ASSETCATALOG_COMPILER_GLOBAL_ACCENT_COLOR_NAME = AccentColor;
				CODE_SIGN_STYLE = Automatic;
				CURRENT_PROJECT_VERSION = 1;
				DEVELOPMENT_TEAM = S5W3985ZD8;
				GENERATE_INFOPLIST_FILE = YES;
				INFOPLIST_FILE = ZeroSumSubsequence/Info.plist;
				INFOPLIST_KEY_UIApplicationSupportsIndirectInputEvents = YES;
				INFOPLIST_KEY_UILaunchStoryboardName = LaunchScreen;
				INFOPLIST_KEY_UIMainStoryboardFile = Main;
				INFOPLIST_KEY_UISupportedInterfaceOrientations_iPad = "UIInterfaceOrientationPortrait UIInterfaceOrientationPortraitUpsideDown UIInterfaceOrientationLandscapeLeft UIInterfaceOrientationLandscapeRight";
				INFOPLIST_KEY_UISupportedInterfaceOrientations_iPhone = "UIInterfaceOrientationPortrait UIInterfaceOrientationLandscapeLeft UIInterfaceOrientationLandscapeRight";
				LD_RUNPATH_SEARCH_PATHS = (
					"$(inherited)",
					"@executable_path/Frameworks",
				);
				MARKETING_VERSION = 1.0;
				PRODUCT_BUNDLE_IDENTIFIER = com.vm.test.ZeroSumSubsequence;
				PRODUCT_NAME = "$(TARGET_NAME)";
				SWIFT_EMIT_LOC_STRINGS = YES;
				SWIFT_VERSION = 5.0;
				TARGETED_DEVICE_FAMILY = "1,2";
			};
			name = Release;
		};
/* End XCBuildConfiguration section */

/* Begin XCConfigurationList section */
		21EBFDC327E7737A00F8B20A /* Build configuration list for PBXProject "ZeroSumSubsequence" */ = {
			isa = XCConfigurationList;
			buildConfigurations = (
				21EBFDDA27E7737B00F8B20A /* Debug */,
				21EBFDDB27E7737B00F8B20A /* Release */,
			);
			defaultConfigurationIsVisible = 0;
			defaultConfigurationName = Release;
		};
		21EBFDDC27E7737B00F8B20A /* Build configuration list for PBXNativeTarget "ZeroSumSubsequence" */ = {
			isa = XCConfigurationList;
			buildConfigurations = (
				21EBFDDD27E7737B00F8B20A /* Debug */,
				21EBFDDE27E7737B00F8B20A /* Release */,
			);
			defaultConfigurationIsVisible = 0;
			defaultConfigurationName = Release;
		};
/* End XCConfigurationList section */
	};
	rootObject = 21EBFDC027E7737A00F8B20A /* Project object */;
}
